# This file was autogenerated by Stack.
# You should not edit this file by hand.
# For more information, please see the documentation at:
#   https://docs.haskellstack.org/en/stable/lock_files

packages:
- completed:
    sha256: b8304bc4a94a40b340948398dbc3b7b44475f79b0d131c303a11b08f49b0ba5e
    name: autodocodec
    subdir: autodocodec
    size: 65810
    url: https://github.com/NorfairKing/autodocodec/archive/38bd4865ff2dd40d342141b7fde9319f835d98c6.tar.gz
    pantry-tree:
      sha256: fbeaf0e1f0e517808832b112cf2140da8458661205b93910c937a7323025bde0
      size: 861
    version: 0.1.0.1
  original:
    subdir: autodocodec
    url: https://github.com/NorfairKing/autodocodec/archive/38bd4865ff2dd40d342141b7fde9319f835d98c6.tar.gz
- completed:
    sha256: b8304bc4a94a40b340948398dbc3b7b44475f79b0d131c303a11b08f49b0ba5e
    name: autodocodec-schema
    subdir: autodocodec-schema
    size: 65810
    url: https://github.com/NorfairKing/autodocodec/archive/38bd4865ff2dd40d342141b7fde9319f835d98c6.tar.gz
    pantry-tree:
      sha256: 928b93d9687c2b920a16cdad28adf8d485f327cf46e115683b694bfa7a57719d
      size: 336
    version: 0.1.0.1
  original:
    subdir: autodocodec-schema
    url: https://github.com/NorfairKing/autodocodec/archive/38bd4865ff2dd40d342141b7fde9319f835d98c6.tar.gz
- completed:
    sha256: b8304bc4a94a40b340948398dbc3b7b44475f79b0d131c303a11b08f49b0ba5e
    name: autodocodec-yaml
    subdir: autodocodec-yaml
    size: 65810
    url: https://github.com/NorfairKing/autodocodec/archive/38bd4865ff2dd40d342141b7fde9319f835d98c6.tar.gz
    pantry-tree:
      sha256: e1eebd807c00afda2b0e7e99e6877769d5c59bc85edf6d7baa78de7dfbd1eef2
      size: 540
    version: 0.1.0.1
  original:
    subdir: autodocodec-yaml
    url: https://github.com/NorfairKing/autodocodec/archive/38bd4865ff2dd40d342141b7fde9319f835d98c6.tar.gz
- completed:
    sha256: 7ac686b3a2ac99f1f368f1ac314b623190060af35b1ee59af3869fc32c11c2eb
    name: safe-coloured-text
    subdir: safe-coloured-text
    size: 36343
    url: https://github.com/NorfairKing/safe-coloured-text/archive/71c5940a3b84eeb498304d8e584e7638f875d51b.tar.gz
    pantry-tree:
      sha256: bf43a24970a946ed4c8582ee0b6a1dd2b6597c6aef03f27def3b6ad6e2135e63
      size: 427
    version: 0.1.0.0
  original:
    subdir: safe-coloured-text
    url: https://github.com/NorfairKing/safe-coloured-text/archive/71c5940a3b84eeb498304d8e584e7638f875d51b.tar.gz
- completed:
    sha256: 7ac686b3a2ac99f1f368f1ac314b623190060af35b1ee59af3869fc32c11c2eb
    name: safe-coloured-text-layout
    subdir: safe-coloured-text-layout
    size: 36343
    url: https://github.com/NorfairKing/safe-coloured-text/archive/71c5940a3b84eeb498304d8e584e7638f875d51b.tar.gz
    pantry-tree:
      sha256: 09b570b77f82434039321410a845f7612146fc5853c915ec1d66f72f8220e91a
      size: 815
    version: 0.0.0.0
  original:
    subdir: safe-coloured-text-layout
    url: https://github.com/NorfairKing/safe-coloured-text/archive/71c5940a3b84eeb498304d8e584e7638f875d51b.tar.gz
- completed:
    sha256: 7ac686b3a2ac99f1f368f1ac314b623190060af35b1ee59af3869fc32c11c2eb
    name: safe-coloured-text-terminfo
    subdir: safe-coloured-text-terminfo
    size: 36343
    url: https://github.com/NorfairKing/safe-coloured-text/archive/71c5940a3b84eeb498304d8e584e7638f875d51b.tar.gz
    pantry-tree:
      sha256: 40852129a3a765c08df57c65436de69ce0471ef35e0bde128a7e0e0d732e5403
      size: 320
    version: 0.0.0.0
  original:
    subdir: safe-coloured-text-terminfo
    url: https://github.com/NorfairKing/safe-coloured-text/archive/71c5940a3b84eeb498304d8e584e7638f875d51b.tar.gz
- completed:
    sha256: 3655fe40aa7d897657f4fc3694ac74abd39e1c3ab7c5863fb67143740bf9bbe6
    name: sydtest
    subdir: sydtest
    size: 326456
    url: https://github.com/NorfairKing/sydtest/archive/a446095558bc9f67bc3b8ca2e9ce230150c049ff.tar.gz
    pantry-tree:
      sha256: 3c3eebd1ee9da4230e485bde0fff280a10c785ef831be59085b18661ebbe9177
      size: 3181
    version: 0.10.0.0
  original:
    subdir: sydtest
    url: https://github.com/NorfairKing/sydtest/archive/a446095558bc9f67bc3b8ca2e9ce230150c049ff.tar.gz
- completed:
    sha256: 3655fe40aa7d897657f4fc3694ac74abd39e1c3ab7c5863fb67143740bf9bbe6
    name: sydtest-aeson
    subdir: sydtest-aeson
    size: 326456
    url: https://github.com/NorfairKing/sydtest/archive/a446095558bc9f67bc3b8ca2e9ce230150c049ff.tar.gz
    pantry-tree:
      sha256: ecc7486366792df406b52f530837b106f074869488a6aee5ae7a9fec71da0dd5
      size: 733
    version: 0.1.0.0
  original:
    subdir: sydtest-aeson
    url: https://github.com/NorfairKing/sydtest/archive/a446095558bc9f67bc3b8ca2e9ce230150c049ff.tar.gz
- completed:
    sha256: 3655fe40aa7d897657f4fc3694ac74abd39e1c3ab7c5863fb67143740bf9bbe6
    name: sydtest-discover
    subdir: sydtest-discover
    size: 326456
    url: https://github.com/NorfairKing/sydtest/archive/a446095558bc9f67bc3b8ca2e9ce230150c049ff.tar.gz
    pantry-tree:
      sha256: 3889ae26601f20e36db5c699a3f5e60bec04b3fdf82d9808521e1102fd105880
      size: 434
    version: 0.0.0.1
  original:
    subdir: sydtest-discover
    url: https://github.com/NorfairKing/sydtest/archive/a446095558bc9f67bc3b8ca2e9ce230150c049ff.tar.gz
- completed:
    sha256: 3655fe40aa7d897657f4fc3694ac74abd39e1c3ab7c5863fb67143740bf9bbe6
    name: sydtest-hspec
    subdir: sydtest-hspec
    size: 326456
    url: https://github.com/NorfairKing/sydtest/archive/a446095558bc9f67bc3b8ca2e9ce230150c049ff.tar.gz
    pantry-tree:
      sha256: a2b4f061b8a1afc85f58f74de2166d5f653f959bc427eec2aa2712b9bc6c90d9
      size: 498
    version: 0.3.0.0
  original:
    subdir: sydtest-hspec
    url: https://github.com/NorfairKing/sydtest/archive/a446095558bc9f67bc3b8ca2e9ce230150c049ff.tar.gz
- completed:
    sha256: 3655fe40aa7d897657f4fc3694ac74abd39e1c3ab7c5863fb67143740bf9bbe6
    name: sydtest-persistent
    subdir: sydtest-persistent
    size: 326456
    url: https://github.com/NorfairKing/sydtest/archive/a446095558bc9f67bc3b8ca2e9ce230150c049ff.tar.gz
    pantry-tree:
      sha256: eab63454b4f4cc441b52936e103f27a5330527a5a3d1d44efbce9d6d3a52470e
      size: 339
    version: 0.0.0.1
  original:
    subdir: sydtest-persistent
    url: https://github.com/NorfairKing/sydtest/archive/a446095558bc9f67bc3b8ca2e9ce230150c049ff.tar.gz
- completed:
    sha256: 3655fe40aa7d897657f4fc3694ac74abd39e1c3ab7c5863fb67143740bf9bbe6
    name: sydtest-persistent-sqlite
    subdir: sydtest-persistent-sqlite
    size: 326456
    url: https://github.com/NorfairKing/sydtest/archive/a446095558bc9f67bc3b8ca2e9ce230150c049ff.tar.gz
    pantry-tree:
      sha256: 03dcbdc2a5a701e20b9167ba0babd2b06e4d7f30d442683b6a35469979512019
      size: 626
    version: 0.2.0.2
  original:
    subdir: sydtest-persistent-sqlite
    url: https://github.com/NorfairKing/sydtest/archive/a446095558bc9f67bc3b8ca2e9ce230150c049ff.tar.gz
- completed:
    sha256: 3655fe40aa7d897657f4fc3694ac74abd39e1c3ab7c5863fb67143740bf9bbe6
    name: sydtest-process
    subdir: sydtest-process
    size: 326456
    url: https://github.com/NorfairKing/sydtest/archive/a446095558bc9f67bc3b8ca2e9ce230150c049ff.tar.gz
    pantry-tree:
      sha256: 74672025663fba0b40d02f8bf902df06e2c070df18281640e386fbaa14ed8319
      size: 400
    version: 0.0.0.0
  original:
    subdir: sydtest-process
    url: https://github.com/NorfairKing/sydtest/archive/a446095558bc9f67bc3b8ca2e9ce230150c049ff.tar.gz
- completed:
    sha256: 3655fe40aa7d897657f4fc3694ac74abd39e1c3ab7c5863fb67143740bf9bbe6
    name: sydtest-servant
    subdir: sydtest-servant
    size: 326456
    url: https://github.com/NorfairKing/sydtest/archive/a446095558bc9f67bc3b8ca2e9ce230150c049ff.tar.gz
    pantry-tree:
      sha256: 9a37946e1b2b43dbb0c493d16889880b0cbd03c12d14582d515c7ee41ca49867
      size: 688
    version: 0.2.0.2
  original:
    subdir: sydtest-servant
    url: https://github.com/NorfairKing/sydtest/archive/a446095558bc9f67bc3b8ca2e9ce230150c049ff.tar.gz
- completed:
    sha256: 3655fe40aa7d897657f4fc3694ac74abd39e1c3ab7c5863fb67143740bf9bbe6
    name: sydtest-typed-process
    subdir: sydtest-typed-process
    size: 326456
    url: https://github.com/NorfairKing/sydtest/archive/a446095558bc9f67bc3b8ca2e9ce230150c049ff.tar.gz
    pantry-tree:
      sha256: 6a49ed4fa52875579c86738d6424d9adb3e2725a15bf65f2a6b507c5f50068f2
      size: 418
    version: 0.0.0.0
  original:
    subdir: sydtest-typed-process
    url: https://github.com/NorfairKing/sydtest/archive/a446095558bc9f67bc3b8ca2e9ce230150c049ff.tar.gz
- completed:
    sha256: 3655fe40aa7d897657f4fc3694ac74abd39e1c3ab7c5863fb67143740bf9bbe6
    name: sydtest-wai
    subdir: sydtest-wai
    size: 326456
    url: https://github.com/NorfairKing/sydtest/archive/a446095558bc9f67bc3b8ca2e9ce230150c049ff.tar.gz
    pantry-tree:
      sha256: 6dc65ca849a8e8eb425b3b95fcf27f4d50c5646e8b6d001dd31f30d6769d6971
      size: 776
    version: 0.2.0.0
  original:
    subdir: sydtest-wai
    url: https://github.com/NorfairKing/sydtest/archive/a446095558bc9f67bc3b8ca2e9ce230150c049ff.tar.gz
- completed:
    sha256: 3655fe40aa7d897657f4fc3694ac74abd39e1c3ab7c5863fb67143740bf9bbe6
    name: sydtest-yesod
    subdir: sydtest-yesod
    size: 326456
    url: https://github.com/NorfairKing/sydtest/archive/a446095558bc9f67bc3b8ca2e9ce230150c049ff.tar.gz
    pantry-tree:
      sha256: 12bd09eac157834e795a83caff03dbc098eac79191021c4a0bc3af0256d69570
      size: 1049
    version: 0.3.0.0
  original:
    subdir: sydtest-yesod
    url: https://github.com/NorfairKing/sydtest/archive/a446095558bc9f67bc3b8ca2e9ce230150c049ff.tar.gz
- completed:
    sha256: b0e05cc39bce2010c97855ce676974e26c0441d51624ba56a827492ffee75937
    name: validity
    subdir: validity
    size: 116762
    url: https://github.com/NorfairKing/validity/archive/160e846cc5de8e92e6758172da341f5d81fe0374.tar.gz
    pantry-tree:
      sha256: 26b93c5bad80f726a7e7eb75d47d7d25a752329c57a9b35015a4aa101aaffb56
      size: 391
    version: 0.12.0.1
  original:
    subdir: validity
    url: https://github.com/NorfairKing/validity/archive/160e846cc5de8e92e6758172da341f5d81fe0374.tar.gz
- completed:
    sha256: b0e05cc39bce2010c97855ce676974e26c0441d51624ba56a827492ffee75937
    name: validity-aeson
    subdir: validity-aeson
    size: 116762
    url: https://github.com/NorfairKing/validity/archive/160e846cc5de8e92e6758172da341f5d81fe0374.tar.gz
    pantry-tree:
      sha256: 277fa18d21ef959fad1ebedb795e65a0af78d45715578a2d81d4a3e26326b411
      size: 405
    version: 0.2.0.5
  original:
    subdir: validity-aeson
    url: https://github.com/NorfairKing/validity/archive/160e846cc5de8e92e6758172da341f5d81fe0374.tar.gz
- completed:
    sha256: b0e05cc39bce2010c97855ce676974e26c0441d51624ba56a827492ffee75937
    name: validity-bytestring
    subdir: validity-bytestring
    size: 116762
    url: https://github.com/NorfairKing/validity/archive/160e846cc5de8e92e6758172da341f5d81fe0374.tar.gz
    pantry-tree:
      sha256: ba8cdeee52f1220338c333a19040414cc57fcb0502e79c3db511aa05d0c38474
      size: 292
    version: 0.4.1.1
  original:
    subdir: validity-bytestring
    url: https://github.com/NorfairKing/validity/archive/160e846cc5de8e92e6758172da341f5d81fe0374.tar.gz
- completed:
    sha256: b0e05cc39bce2010c97855ce676974e26c0441d51624ba56a827492ffee75937
    name: validity-containers
    subdir: validity-containers
    size: 116762
    url: https://github.com/NorfairKing/validity/archive/160e846cc5de8e92e6758172da341f5d81fe0374.tar.gz
    pantry-tree:
      sha256: 0c2587e641fb93c272a61af7de6f6fb93f8e68eecd541792eaf61a95757a10aa
      size: 554
    version: 0.5.0.4
  original:
    subdir: validity-containers
    url: https://github.com/NorfairKing/validity/archive/160e846cc5de8e92e6758172da341f5d81fe0374.tar.gz
- completed:
    sha256: b0e05cc39bce2010c97855ce676974e26c0441d51624ba56a827492ffee75937
    name: validity-path
    subdir: validity-path
    size: 116762
    url: https://github.com/NorfairKing/validity/archive/160e846cc5de8e92e6758172da341f5d81fe0374.tar.gz
    pantry-tree:
      sha256: 08a1830f96825bebfa8f5dab6db2df13348e17eba5b589a2ef52b2e5137f32e8
      size: 403
    version: 0.4.0.1
  original:
    subdir: validity-path
    url: https://github.com/NorfairKing/validity/archive/160e846cc5de8e92e6758172da341f5d81fe0374.tar.gz
- completed:
    sha256: b0e05cc39bce2010c97855ce676974e26c0441d51624ba56a827492ffee75937
    name: validity-persistent
    subdir: validity-persistent
    size: 116762
    url: https://github.com/NorfairKing/validity/archive/160e846cc5de8e92e6758172da341f5d81fe0374.tar.gz
    pantry-tree:
      sha256: 3bd3e2c517817dd9fa3f5d4698321f6a72a59ea2608f609cb460abdb1ebccb42
      size: 285
    version: 0.0.0.0
  original:
    subdir: validity-persistent
    url: https://github.com/NorfairKing/validity/archive/160e846cc5de8e92e6758172da341f5d81fe0374.tar.gz
- completed:
    sha256: b0e05cc39bce2010c97855ce676974e26c0441d51624ba56a827492ffee75937
    name: validity-primitive
    subdir: validity-primitive
    size: 116762
    url: https://github.com/NorfairKing/validity/archive/160e846cc5de8e92e6758172da341f5d81fe0374.tar.gz
    pantry-tree:
      sha256: 25639d2ab249e5181175bc9696625007e3ef22e56655fa78b37eaa5c326b9900
      size: 288
    version: 0.0.0.1
  original:
    subdir: validity-primitive
    url: https://github.com/NorfairKing/validity/archive/160e846cc5de8e92e6758172da341f5d81fe0374.tar.gz
- completed:
    sha256: b0e05cc39bce2010c97855ce676974e26c0441d51624ba56a827492ffee75937
    name: validity-scientific
    subdir: validity-scientific
    size: 116762
    url: https://github.com/NorfairKing/validity/archive/160e846cc5de8e92e6758172da341f5d81fe0374.tar.gz
    pantry-tree:
      sha256: a82ffae296b56a81572086aec3f6ac439160492a408bce242fc0c8c478199208
      size: 290
    version: 0.2.0.3
  original:
    subdir: validity-scientific
    url: https://github.com/NorfairKing/validity/archive/160e846cc5de8e92e6758172da341f5d81fe0374.tar.gz
- completed:
    sha256: b0e05cc39bce2010c97855ce676974e26c0441d51624ba56a827492ffee75937
    name: validity-text
    subdir: validity-text
    size: 116762
    url: https://github.com/NorfairKing/validity/archive/160e846cc5de8e92e6758172da341f5d81fe0374.tar.gz
    pantry-tree:
      sha256: f77867dbdf276e74350a02fde1c56bf8500958f9e32527a4304e77eba56f0568
      size: 280
    version: 0.3.1.3
  original:
    subdir: validity-text
    url: https://github.com/NorfairKing/validity/archive/160e846cc5de8e92e6758172da341f5d81fe0374.tar.gz
- completed:
    sha256: b0e05cc39bce2010c97855ce676974e26c0441d51624ba56a827492ffee75937
    name: validity-time
    subdir: validity-time
    size: 116762
    url: https://github.com/NorfairKing/validity/archive/160e846cc5de8e92e6758172da341f5d81fe0374.tar.gz
    pantry-tree:
      sha256: 11de2fab96f6a0fac82c4deb137770a51ad89c6e9941103b10ad5c9b5b3ceb3a
      size: 573
    version: 0.5.0.0
  original:
    subdir: validity-time
    url: https://github.com/NorfairKing/validity/archive/160e846cc5de8e92e6758172da341f5d81fe0374.tar.gz
- completed:
    sha256: b0e05cc39bce2010c97855ce676974e26c0441d51624ba56a827492ffee75937
    name: validity-unordered-containers
    subdir: validity-unordered-containers
    size: 116762
    url: https://github.com/NorfairKing/validity/archive/160e846cc5de8e92e6758172da341f5d81fe0374.tar.gz
    pantry-tree:
      sha256: 1fbbef6441fecc0803ab9ef11255120de2716e4cb9a79f5ef60385a38bb131b9
      size: 446
    version: 0.2.0.3
  original:
    subdir: validity-unordered-containers
    url: https://github.com/NorfairKing/validity/archive/160e846cc5de8e92e6758172da341f5d81fe0374.tar.gz
- completed:
    sha256: b0e05cc39bce2010c97855ce676974e26c0441d51624ba56a827492ffee75937
    name: validity-uuid
    subdir: validity-uuid
    size: 116762
    url: https://github.com/NorfairKing/validity/archive/160e846cc5de8e92e6758172da341f5d81fe0374.tar.gz
    pantry-tree:
      sha256: 5ffe191ef4812ea3910b25e80af18d367fadd3a4e95065facb7aa74c05a94fc0
      size: 278
    version: 0.1.0.3
  original:
    subdir: validity-uuid
    url: https://github.com/NorfairKing/validity/archive/160e846cc5de8e92e6758172da341f5d81fe0374.tar.gz
- completed:
    sha256: b0e05cc39bce2010c97855ce676974e26c0441d51624ba56a827492ffee75937
    name: validity-vector
    subdir: validity-vector
    size: 116762
    url: https://github.com/NorfairKing/validity/archive/160e846cc5de8e92e6758172da341f5d81fe0374.tar.gz
    pantry-tree:
      sha256: e629550c5d2b3c4a7403514df00953664d3570b57bbf0dd6e9dcdd5aba787760
      size: 282
    version: 0.2.0.3
  original:
    subdir: validity-vector
    url: https://github.com/NorfairKing/validity/archive/160e846cc5de8e92e6758172da341f5d81fe0374.tar.gz
- completed:
    sha256: b0e05cc39bce2010c97855ce676974e26c0441d51624ba56a827492ffee75937
    name: genvalidity
    subdir: genvalidity
    size: 116762
    url: https://github.com/NorfairKing/validity/archive/160e846cc5de8e92e6758172da341f5d81fe0374.tar.gz
    pantry-tree:
      sha256: de1817587524f3ed42da4a5770044979c9c267d541d45c2ffe0320f2cdd5442e
      size: 696
    version: 1.0.0.1
  original:
    subdir: genvalidity
    url: https://github.com/NorfairKing/validity/archive/160e846cc5de8e92e6758172da341f5d81fe0374.tar.gz
- completed:
    sha256: b0e05cc39bce2010c97855ce676974e26c0441d51624ba56a827492ffee75937
    name: genvalidity-aeson
    subdir: genvalidity-aeson
    size: 116762
    url: https://github.com/NorfairKing/validity/archive/160e846cc5de8e92e6758172da341f5d81fe0374.tar.gz
    pantry-tree:
      sha256: 1ff41a80bb5e2bb2a04f73f375b40098bb44d1a08d2d1641afac587b3c222497
      size: 465
    version: 1.0.0.1
  original:
    subdir: genvalidity-aeson
    url: https://github.com/NorfairKing/validity/archive/160e846cc5de8e92e6758172da341f5d81fe0374.tar.gz
- completed:
    sha256: b0e05cc39bce2010c97855ce676974e26c0441d51624ba56a827492ffee75937
    name: genvalidity-bytestring
    subdir: genvalidity-bytestring
    size: 116762
    url: https://github.com/NorfairKing/validity/archive/160e846cc5de8e92e6758172da341f5d81fe0374.tar.gz
    pantry-tree:
      sha256: 5d91f5d9be5264667c22b5986b4babf19bfe7a172e77b5223ea4b9a2f82468cc
      size: 485
    version: 1.0.0.0
  original:
    subdir: genvalidity-bytestring
    url: https://github.com/NorfairKing/validity/archive/160e846cc5de8e92e6758172da341f5d81fe0374.tar.gz
- completed:
    sha256: b0e05cc39bce2010c97855ce676974e26c0441d51624ba56a827492ffee75937
    name: genvalidity-containers
    subdir: genvalidity-containers
    size: 116762
    url: https://github.com/NorfairKing/validity/archive/160e846cc5de8e92e6758172da341f5d81fe0374.tar.gz
    pantry-tree:
      sha256: 09951bbf1f9d59d8840c5e11c5cccfafecee586c8920c88057cafea32a6010b2
      size: 1014
    version: 1.0.0.0
  original:
    subdir: genvalidity-containers
    url: https://github.com/NorfairKing/validity/archive/160e846cc5de8e92e6758172da341f5d81fe0374.tar.gz
- completed:
    sha256: b0e05cc39bce2010c97855ce676974e26c0441d51624ba56a827492ffee75937
    name: genvalidity-criterion
    subdir: genvalidity-criterion
    size: 116762
    url: https://github.com/NorfairKing/validity/archive/160e846cc5de8e92e6758172da341f5d81fe0374.tar.gz
    pantry-tree:
      sha256: 6cc53a130a14e997027565fe46251617dcab8037322ee35fb9abedcb68a3d914
      size: 351
    version: 1.0.0.0
  original:
    subdir: genvalidity-criterion
    url: https://github.com/NorfairKing/validity/archive/160e846cc5de8e92e6758172da341f5d81fe0374.tar.gz
- completed:
    sha256: b0e05cc39bce2010c97855ce676974e26c0441d51624ba56a827492ffee75937
    name: genvalidity-hspec
    subdir: genvalidity-hspec
    size: 116762
    url: https://github.com/NorfairKing/validity/archive/160e846cc5de8e92e6758172da341f5d81fe0374.tar.gz
    pantry-tree:
      sha256: 6a5a7dcfaaa41411e5b5ebfa9ca0ce0908636e92479c942abea243f87b622a7c
      size: 1982
    version: 1.0.0.0
  original:
    subdir: genvalidity-hspec
    url: https://github.com/NorfairKing/validity/archive/160e846cc5de8e92e6758172da341f5d81fe0374.tar.gz
- completed:
    sha256: b0e05cc39bce2010c97855ce676974e26c0441d51624ba56a827492ffee75937
    name: genvalidity-hspec-aeson
    subdir: genvalidity-hspec-aeson
    size: 116762
    url: https://github.com/NorfairKing/validity/archive/160e846cc5de8e92e6758172da341f5d81fe0374.tar.gz
    pantry-tree:
      sha256: de9003dbf94cb20de64404ae725e64bcdbcb2e70d835f4872c5a1c1565a33c8b
      size: 463
    version: 1.0.0.0
  original:
    subdir: genvalidity-hspec-aeson
    url: https://github.com/NorfairKing/validity/archive/160e846cc5de8e92e6758172da341f5d81fe0374.tar.gz
- completed:
    sha256: b0e05cc39bce2010c97855ce676974e26c0441d51624ba56a827492ffee75937
    name: genvalidity-hspec-binary
    subdir: genvalidity-hspec-binary
    size: 116762
    url: https://github.com/NorfairKing/validity/archive/160e846cc5de8e92e6758172da341f5d81fe0374.tar.gz
    pantry-tree:
      sha256: e6dec8f52c4be1b1bcad2474ed0f618e463da1b308a6c98359aedb7271a821c7
      size: 417
    version: 1.0.0.0
  original:
    subdir: genvalidity-hspec-binary
    url: https://github.com/NorfairKing/validity/archive/160e846cc5de8e92e6758172da341f5d81fe0374.tar.gz
- completed:
    sha256: b0e05cc39bce2010c97855ce676974e26c0441d51624ba56a827492ffee75937
    name: genvalidity-hspec-cereal
    subdir: genvalidity-hspec-cereal
    size: 116762
    url: https://github.com/NorfairKing/validity/archive/160e846cc5de8e92e6758172da341f5d81fe0374.tar.gz
    pantry-tree:
      sha256: fc09f7e1275cd7771b277abc2a7db8258894eec65d84e8e0650f3fd0cb88e02c
      size: 466
    version: 1.0.0.0
  original:
    subdir: genvalidity-hspec-cereal
    url: https://github.com/NorfairKing/validity/archive/160e846cc5de8e92e6758172da341f5d81fe0374.tar.gz
- completed:
    sha256: b0e05cc39bce2010c97855ce676974e26c0441d51624ba56a827492ffee75937
    name: genvalidity-hspec-hashable
    subdir: genvalidity-hspec-hashable
    size: 116762
    url: https://github.com/NorfairKing/validity/archive/160e846cc5de8e92e6758172da341f5d81fe0374.tar.gz
    pantry-tree:
      sha256: 690addb83ef6b50a5c4061248bb618f87de918e4f06917a58ae05eae5915549d
      size: 424
    version: 1.0.0.0
  original:
    subdir: genvalidity-hspec-hashable
    url: https://github.com/NorfairKing/validity/archive/160e846cc5de8e92e6758172da341f5d81fe0374.tar.gz
- completed:
    sha256: b0e05cc39bce2010c97855ce676974e26c0441d51624ba56a827492ffee75937
    name: genvalidity-hspec-optics
    subdir: genvalidity-hspec-optics
    size: 116762
    url: https://github.com/NorfairKing/validity/archive/160e846cc5de8e92e6758172da341f5d81fe0374.tar.gz
    pantry-tree:
      sha256: 0acd8f49e238904e9b815c17f579c31c3fdaa278b07a588dc7c20180a229c219
      size: 468
    version: 1.0.0.0
  original:
    subdir: genvalidity-hspec-optics
    url: https://github.com/NorfairKing/validity/archive/160e846cc5de8e92e6758172da341f5d81fe0374.tar.gz
- completed:
    sha256: b0e05cc39bce2010c97855ce676974e26c0441d51624ba56a827492ffee75937
    name: genvalidity-hspec-persistent
    subdir: genvalidity-hspec-persistent
    size: 116762
    url: https://github.com/NorfairKing/validity/archive/160e846cc5de8e92e6758172da341f5d81fe0374.tar.gz
    pantry-tree:
      sha256: f8034acb7eb2640b6a370f3fe3a04b93a67ca856e6885d868f8b5b4a909cdfe1
      size: 472
    version: 1.0.0.0
  original:
    subdir: genvalidity-hspec-persistent
    url: https://github.com/NorfairKing/validity/archive/160e846cc5de8e92e6758172da341f5d81fe0374.tar.gz
- completed:
    sha256: b0e05cc39bce2010c97855ce676974e26c0441d51624ba56a827492ffee75937
    name: genvalidity-path
    subdir: genvalidity-path
    size: 116762
    url: https://github.com/NorfairKing/validity/archive/160e846cc5de8e92e6758172da341f5d81fe0374.tar.gz
    pantry-tree:
      sha256: a7d76485ae6f2e1d7364e6c1a48bc2bc3ae68186db0f051a35b5d534e5f7d549
      size: 463
    version: 1.0.0.0
  original:
    subdir: genvalidity-path
    url: https://github.com/NorfairKing/validity/archive/160e846cc5de8e92e6758172da341f5d81fe0374.tar.gz
- completed:
    sha256: b0e05cc39bce2010c97855ce676974e26c0441d51624ba56a827492ffee75937
    name: genvalidity-persistent
    subdir: genvalidity-persistent
    size: 116762
    url: https://github.com/NorfairKing/validity/archive/160e846cc5de8e92e6758172da341f5d81fe0374.tar.gz
    pantry-tree:
      sha256: 2fc53dec788ab2d42336ff7600b0564bee1ca38f0e9a2057a525b1a579f43c43
      size: 478
    version: 1.0.0.0
  original:
    subdir: genvalidity-persistent
    url: https://github.com/NorfairKing/validity/archive/160e846cc5de8e92e6758172da341f5d81fe0374.tar.gz
- completed:
    sha256: b0e05cc39bce2010c97855ce676974e26c0441d51624ba56a827492ffee75937
    name: genvalidity-property
    subdir: genvalidity-property
    size: 116762
    url: https://github.com/NorfairKing/validity/archive/160e846cc5de8e92e6758172da341f5d81fe0374.tar.gz
    pantry-tree:
      sha256: 494f91d56ffabd357064535a60f37f9cd33406e9f35743020a8355b12b2371e5
      size: 2022
    version: 1.0.0.0
  original:
    subdir: genvalidity-property
    url: https://github.com/NorfairKing/validity/archive/160e846cc5de8e92e6758172da341f5d81fe0374.tar.gz
- completed:
    sha256: b0e05cc39bce2010c97855ce676974e26c0441d51624ba56a827492ffee75937
    name: genvalidity-scientific
    subdir: genvalidity-scientific
    size: 116762
    url: https://github.com/NorfairKing/validity/archive/160e846cc5de8e92e6758172da341f5d81fe0374.tar.gz
    pantry-tree:
      sha256: 75c2a4abdf97a81d16c25ebc6870dd05f5920be9ce87f27cfe4039814833816a
      size: 428
    version: 1.0.0.0
  original:
    subdir: genvalidity-scientific
    url: https://github.com/NorfairKing/validity/archive/160e846cc5de8e92e6758172da341f5d81fe0374.tar.gz
- completed:
    sha256: b0e05cc39bce2010c97855ce676974e26c0441d51624ba56a827492ffee75937
    name: genvalidity-sydtest
    subdir: genvalidity-sydtest
    size: 116762
    url: https://github.com/NorfairKing/validity/archive/160e846cc5de8e92e6758172da341f5d81fe0374.tar.gz
    pantry-tree:
      sha256: 19f4e6e9d8372f741f40526b8079bd560b51e75dafd7cfddd1dab6929be8e02c
      size: 3914
    version: 1.0.0.0
  original:
    subdir: genvalidity-sydtest
    url: https://github.com/NorfairKing/validity/archive/160e846cc5de8e92e6758172da341f5d81fe0374.tar.gz
- completed:
    sha256: b0e05cc39bce2010c97855ce676974e26c0441d51624ba56a827492ffee75937
    name: genvalidity-sydtest-aeson
    subdir: genvalidity-sydtest-aeson
    size: 116762
    url: https://github.com/NorfairKing/validity/archive/160e846cc5de8e92e6758172da341f5d81fe0374.tar.gz
    pantry-tree:
      sha256: 24814fce1f4e0214fd08016bba642655b9de097978c192c370acc60847fc0dc2
      size: 473
    version: 1.0.0.0
  original:
    subdir: genvalidity-sydtest-aeson
    url: https://github.com/NorfairKing/validity/archive/160e846cc5de8e92e6758172da341f5d81fe0374.tar.gz
- completed:
    sha256: b0e05cc39bce2010c97855ce676974e26c0441d51624ba56a827492ffee75937
    name: genvalidity-sydtest-hashable
    subdir: genvalidity-sydtest-hashable
    size: 116762
    url: https://github.com/NorfairKing/validity/archive/160e846cc5de8e92e6758172da341f5d81fe0374.tar.gz
    pantry-tree:
      sha256: a57c3322659385a568a7dc0ec6287c880b55f262ec82e2fab1e40f35c80be5d3
      size: 434
    version: 1.0.0.0
  original:
    subdir: genvalidity-sydtest-hashable
    url: https://github.com/NorfairKing/validity/archive/160e846cc5de8e92e6758172da341f5d81fe0374.tar.gz
- completed:
    sha256: b0e05cc39bce2010c97855ce676974e26c0441d51624ba56a827492ffee75937
    name: genvalidity-sydtest-lens
    subdir: genvalidity-sydtest-lens
    size: 116762
    url: https://github.com/NorfairKing/validity/archive/160e846cc5de8e92e6758172da341f5d81fe0374.tar.gz
    pantry-tree:
      sha256: 95c9a71349325f30ce6536c443e82374ce723a720b552db39470d00531cb1d02
      size: 471
    version: 1.0.0.0
  original:
    subdir: genvalidity-sydtest-lens
    url: https://github.com/NorfairKing/validity/archive/160e846cc5de8e92e6758172da341f5d81fe0374.tar.gz
- completed:
    sha256: b0e05cc39bce2010c97855ce676974e26c0441d51624ba56a827492ffee75937
    name: genvalidity-sydtest-persistent
    subdir: genvalidity-sydtest-persistent
    size: 116762
    url: https://github.com/NorfairKing/validity/archive/160e846cc5de8e92e6758172da341f5d81fe0374.tar.gz
    pantry-tree:
      sha256: b46e9ba5fe4eb2f9de4ee80b07dcfce710a1b04446d22b03b31af39a70130eb4
      size: 482
    version: 1.0.0.0
  original:
    subdir: genvalidity-sydtest-persistent
    url: https://github.com/NorfairKing/validity/archive/160e846cc5de8e92e6758172da341f5d81fe0374.tar.gz
- completed:
    sha256: b0e05cc39bce2010c97855ce676974e26c0441d51624ba56a827492ffee75937
    name: genvalidity-text
    subdir: genvalidity-text
    size: 116762
    url: https://github.com/NorfairKing/validity/archive/160e846cc5de8e92e6758172da341f5d81fe0374.tar.gz
    pantry-tree:
      sha256: f4ff8a680a4f24a5120384786d928c495c3e076c5a23adb0e834e49f024151f4
      size: 465
    version: 1.0.0.1
  original:
    subdir: genvalidity-text
    url: https://github.com/NorfairKing/validity/archive/160e846cc5de8e92e6758172da341f5d81fe0374.tar.gz
- completed:
    sha256: b0e05cc39bce2010c97855ce676974e26c0441d51624ba56a827492ffee75937
    name: genvalidity-time
    subdir: genvalidity-time
    size: 116762
    url: https://github.com/NorfairKing/validity/archive/160e846cc5de8e92e6758172da341f5d81fe0374.tar.gz
    pantry-tree:
      sha256: 1d21bb76d020c22c647412149b57f44d84e0a92d7d8beea101b4251a9e2000ec
      size: 769
    version: 1.0.0.0
  original:
    subdir: genvalidity-time
    url: https://github.com/NorfairKing/validity/archive/160e846cc5de8e92e6758172da341f5d81fe0374.tar.gz
- completed:
    sha256: b0e05cc39bce2010c97855ce676974e26c0441d51624ba56a827492ffee75937
    name: genvalidity-unordered-containers
    subdir: genvalidity-unordered-containers
    size: 116762
    url: https://github.com/NorfairKing/validity/archive/160e846cc5de8e92e6758172da341f5d81fe0374.tar.gz
    pantry-tree:
      sha256: a6696d2b5ffe9f3ef36704833bcd8fb8560e10cfb20924acc49b8c5492825239
      size: 595
    version: 1.0.0.0
  original:
    subdir: genvalidity-unordered-containers
    url: https://github.com/NorfairKing/validity/archive/160e846cc5de8e92e6758172da341f5d81fe0374.tar.gz
- completed:
    sha256: b0e05cc39bce2010c97855ce676974e26c0441d51624ba56a827492ffee75937
    name: genvalidity-uuid
    subdir: genvalidity-uuid
    size: 116762
    url: https://github.com/NorfairKing/validity/archive/160e846cc5de8e92e6758172da341f5d81fe0374.tar.gz
    pantry-tree:
      sha256: a9171eef6b060658621afa9bb372fe53c88bb31f13d011b026f664b124d96c41
      size: 463
    version: 1.0.0.0
  original:
    subdir: genvalidity-uuid
    url: https://github.com/NorfairKing/validity/archive/160e846cc5de8e92e6758172da341f5d81fe0374.tar.gz
- completed:
    sha256: b0e05cc39bce2010c97855ce676974e26c0441d51624ba56a827492ffee75937
    name: genvalidity-vector
    subdir: genvalidity-vector
    size: 116762
    url: https://github.com/NorfairKing/validity/archive/160e846cc5de8e92e6758172da341f5d81fe0374.tar.gz
    pantry-tree:
      sha256: 6cba82bf53112716b23101d3e587034891a2a7133cd23cceb088dbea00e0fcf5
      size: 413
    version: 1.0.0.0
  original:
    subdir: genvalidity-vector
    url: https://github.com/NorfairKing/validity/archive/160e846cc5de8e92e6758172da341f5d81fe0374.tar.gz
snapshots:
- completed:
    sha256: cdead65fca0323144b346c94286186f4969bf85594d649c49c7557295675d8a5
    size: 586286
    url: https://raw.githubusercontent.com/commercialhaskell/stackage-snapshots/master/lts/18/16.yaml
  original: lts-18.16
